# This file is generated by running "yarn install" inside your project.
# Manual changes might be lost - proceed with caution!

__metadata:
  version: 7
  cacheKey: 9

"@neetly/tsconfig@workspace:.":
  version: 0.0.0-use.local
  resolution: "@neetly/tsconfig@workspace:."
  dependencies:
    prettier: "npm:^2.8.1"
    typescript: "npm:^4.9.3"
  peerDependencies:
    typescript: "*"
  languageName: unknown
  linkType: soft

"prettier@npm:^2.8.1":
  version: 2.8.1
  resolution: "prettier@npm:2.8.1"
  bin:
    prettier: bin-prettier.js
  checksum: 06a74a0f7aa5877a3912aeeeae3558014b10e438d945f88bd313222e75e7282eb7f41299d204353ec7d00b208377ddc36ffe4c7d2151f0502e783139b934d66d
  languageName: node
  linkType: hard

"typescript@npm:^4.9.3":
  version: 4.9.3
  resolution: "typescript@npm:4.9.3"
  bin:
    tsc: bin/tsc
    tsserver: bin/tsserver
  checksum: b0aafee5d6427b67fc557c46a6e9c093586444db463fde7a19ffc4eecc31889246210ff679f8384769dc99fca975bba5ac17411816855bb2d8a549e4fe442cc7
  languageName: node
  linkType: hard

"typescript@patch:typescript@npm%3A^4.9.3#optional!builtin<compat/typescript>":
  version: 4.9.3
  resolution: "typescript@patch:typescript@npm%3A4.9.3#optional!builtin<compat/typescript>::version=4.9.3&hash=d73830"
  bin:
    tsc: bin/tsc
    tsserver: bin/tsserver
  checksum: 06fd518bc55d054127b39aa7ad11551fd132bb7a8395913ed84fd5caf715455393d622e884ccb4fcf962d4eb5182600009c096b82ec516e8fadd09bf2150bb93
  languageName: node
  linkType: hard
