# This file is generated by running "yarn install" inside your project.
# Manual changes might be lost - proceed with caution!

__metadata:
  version: 7
  cacheKey: 9

"@neetly/tsconfig@workspace:.":
  version: 0.0.0-use.local
  resolution: "@neetly/tsconfig@workspace:."
  dependencies:
    prettier: "npm:^2.8.4"
    typescript: "npm:^4.9.5"
  peerDependencies:
    typescript: "*"
  languageName: unknown
  linkType: soft

"prettier@npm:^2.8.4":
  version: 2.8.4
  resolution: "prettier@npm:2.8.4"
  bin:
    prettier: bin-prettier.js
  checksum: e8a99b3a385d8d09881a64b759b9cd88e44ab7ba09832d55608fd7203efdc78f0d94773532f3bb3bbb3f579096f7011883df06a26eb61792e786ea4f5fc984f0
  languageName: node
  linkType: hard

"typescript@npm:^4.9.5":
  version: 4.9.5
  resolution: "typescript@npm:4.9.5"
  bin:
    tsc: bin/tsc
    tsserver: bin/tsserver
  checksum: 550217a465c00b1d7ef0e0ddc3a6a0b2ae1fd7c1b9f53cde5a1cfe56aa457c7a43fa83792c1b98b2185d2156d0467c9ad6f6600515ad4f4fc2acee54c4bd320e
  languageName: node
  linkType: hard

"typescript@patch:typescript@npm%3A^4.9.5#optional!builtin<compat/typescript>":
  version: 4.9.5
  resolution: "typescript@patch:typescript@npm%3A4.9.5#optional!builtin<compat/typescript>::version=4.9.5&hash=23ec76"
  bin:
    tsc: bin/tsc
    tsserver: bin/tsserver
  checksum: 09f82f25664c79d5cccc389502175093becf51d691b443c79294303681544a399fb42f8384b535ddeba48cadb64e7d14b42de40d8ade4418bb43174989dd8685
  languageName: node
  linkType: hard
