# This file is generated by running "yarn install" inside your project.
# Manual changes might be lost - proceed with caution!

__metadata:
  version: 7
  cacheKey: 9

"@neetly/tsconfig@workspace:.":
  version: 0.0.0-use.local
  resolution: "@neetly/tsconfig@workspace:."
  dependencies:
    prettier: "npm:^2.8.1"
    typescript: "npm:^4.9.4"
  peerDependencies:
    typescript: "*"
  languageName: unknown
  linkType: soft

"prettier@npm:^2.8.1":
  version: 2.8.1
  resolution: "prettier@npm:2.8.1"
  bin:
    prettier: bin-prettier.js
  checksum: 06a74a0f7aa5877a3912aeeeae3558014b10e438d945f88bd313222e75e7282eb7f41299d204353ec7d00b208377ddc36ffe4c7d2151f0502e783139b934d66d
  languageName: node
  linkType: hard

"typescript@npm:^4.9.4":
  version: 4.9.4
  resolution: "typescript@npm:4.9.4"
  bin:
    tsc: bin/tsc
    tsserver: bin/tsserver
  checksum: b142d5e50785d0e5055771e4d9e712b01be58985ff29be3d3acc64f0fddd5fd8ade8b28583ba502f2565783c23bd5b509c5abcc1a93a2d7d4f05b8e4ee731fc9
  languageName: node
  linkType: hard

"typescript@patch:typescript@npm%3A^4.9.4#optional!builtin<compat/typescript>":
  version: 4.9.4
  resolution: "typescript@patch:typescript@npm%3A4.9.4#optional!builtin<compat/typescript>::version=4.9.4&hash=ad5954"
  bin:
    tsc: bin/tsc
    tsserver: bin/tsserver
  checksum: e7321aeb1e2c0e3c19599808707208e2b730de8d17a5624f0a7297b9a1ffa39974edd4a819108b3b635bc00171476ddfa339e04d928a03ce8d8c6944cb8ec008
  languageName: node
  linkType: hard
